// !$*UTF8*$!
{
	archiveVersion = 1;
	classes = {
	};
	objectVersion = 50;
	objects = {

/* Begin PBXBuildFile section */
		210A15D4233C91C20075F39A /* AppDelegate.swift in Sources */ = {isa = PBXBuildFile; fileRef = 210A15D3233C91C20075F39A /* AppDelegate.swift */; };
		210A15D6233C91C20075F39A /* SceneDelegate.swift in Sources */ = {isa = PBXBuildFile; fileRef = 210A15D5233C91C20075F39A /* SceneDelegate.swift */; };
		210A15D8233C91C20075F39A /* ViewController.swift in Sources */ = {isa = PBXBuildFile; fileRef = 210A15D7233C91C20075F39A /* ViewController.swift */; };
		210A15DB233C91C20075F39A /* Main.storyboard in Resources */ = {isa = PBXBuildFile; fileRef = 210A15D9233C91C20075F39A /* Main.storyboard */; };
		210A15DD233C91C50075F39A /* Assets.xcassets in Resources */ = {isa = PBXBuildFile; fileRef = 210A15DC233C91C50075F39A /* Assets.xcassets */; };
		210A15E0233C91C50075F39A /* LaunchScreen.storyboard in Resources */ = {isa = PBXBuildFile; fileRef = 210A15DE233C91C50075F39A /* LaunchScreen.storyboard */; };
		210A15EB233C91C50075F39A /* laigouTests.swift in Sources */ = {isa = PBXBuildFile; fileRef = 210A15EA233C91C50075F39A /* laigouTests.swift */; };
		210A15F6233C91C50075F39A /* laigouUITests.swift in Sources */ = {isa = PBXBuildFile; fileRef = 210A15F5233C91C50075F39A /* laigouUITests.swift */; };
/* End PBXBuildFile section */

/* Begin PBXContainerItemProxy section */
		210A15E7233C91C50075F39A /* PBXContainerItemProxy */ = {
			isa = PBXContainerItemProxy;
			containerPortal = 210A15C8233C91C20075F39A /* Project object */;
			proxyType = 1;
			remoteGlobalIDString = 210A15CF233C91C20075F39A;
			remoteInfo = laigou;
		};
		210A15F2233C91C50075F39A /* PBXContainerItemProxy */ = {
			isa = PBXContainerItemProxy;
			containerPortal = 210A15C8233C91C20075F39A /* Project object */;
			proxyType = 1;
			remoteGlobalIDString = 210A15CF233C91C20075F39A;
			remoteInfo = laigou;
		};
/* End PBXContainerItemProxy section */

/* Begin PBXFileReference section */
		210A15D0233C91C20075F39A /* laigou.app */ = {isa = PBXFileReference; explicitFileType = wrapper.application; includeInIndex = 0; path = laigou.app; sourceTree = BUILT_PRODUCTS_DIR; };
		210A15D3233C91C20075F39A /* AppDelegate.swift */ = {isa = PBXFileReference; lastKnownFileType = sourcecode.swift; path = AppDelegate.swift; sourceTree = "<group>"; };
		210A15D5233C91C20075F39A /* SceneDelegate.swift */ = {isa = PBXFileReference; lastKnownFileType = sourcecode.swift; path = SceneDelegate.swift; sourceTree = "<group>"; };
		210A15D7233C91C20075F39A /* ViewController.swift */ = {isa = PBXFileReference; lastKnownFileType = sourcecode.swift; path = ViewController.swift; sourceTree = "<group>"; };
		210A15DA233C91C20075F39A /* Base */ = {isa = PBXFileReference; lastKnownFileType = file.storyboard; name = Base; path = Base.lproj/Main.storyboard; sourceTree = "<group>"; };
		210A15DC233C91C50075F39A /* Assets.xcassets */ = {isa = PBXFileReference; lastKnownFileType = folder.assetcatalog; path = Assets.xcassets; sourceTree = "<group>"; };
		210A15DF233C91C50075F39A /* Base */ = {isa = PBXFileReference; lastKnownFileType = file.storyboard; name = Base; path = Base.lproj/LaunchScreen.storyboard; sourceTree = "<group>"; };
		210A15E1233C91C50075F39A /* Info.plist */ = {isa = PBXFileReference; lastKnownFileType = text.plist.xml; path = Info.plist; sourceTree = "<group>"; };
		210A15E6233C91C50075F39A /* laigouTests.xctest */ = {isa = PBXFileReference; explicitFileType = wrapper.cfbundle; includeInIndex = 0; path = laigouTests.xctest; sourceTree = BUILT_PRODUCTS_DIR; };
		210A15EA233C91C50075F39A /* laigouTests.swift */ = {isa = PBXFileReference; lastKnownFileType = sourcecode.swift; path = laigouTests.swift; sourceTree = "<group>"; };
		210A15EC233C91C50075F39A /* Info.plist */ = {isa = PBXFileReference; lastKnownFileType = text.plist.xml; path = Info.plist; sourceTree = "<group>"; };
		210A15F1233C91C50075F39A /* laigouUITests.xctest */ = {isa = PBXFileReference; explicitFileType = wrapper.cfbundle; includeInIndex = 0; path = laigouUITests.xctest; sourceTree = BUILT_PRODUCTS_DIR; };
		210A15F5233C91C50075F39A /* laigouUITests.swift */ = {isa = PBXFileReference; lastKnownFileType = sourcecode.swift; path = laigouUITests.swift; sourceTree = "<group>"; };
		210A15F7233C91C50075F39A /* Info.plist */ = {isa = PBXFileReference; lastKnownFileType = text.plist.xml; path = Info.plist; sourceTree = "<group>"; };
/* End PBXFileReference section */

/* Begin PBXFrameworksBuildPhase section */
		210A15CD233C91C20075F39A /* Frameworks */ = {
			isa = PBXFrameworksBuildPhase;
			buildActionMask = 2147483647;
			files = (
			);
			runOnlyForDeploymentPostprocessing = 0;
		};
		210A15E3233C91C50075F39A /* Frameworks */ = {
			isa = PBXFrameworksBuildPhase;
			buildActionMask = 2147483647;
			files = (
			);
			runOnlyForDeploymentPostprocessing = 0;
		};
		210A15EE233C91C50075F39A /* Frameworks */ = {
			isa = PBXFrameworksBuildPhase;
			buildActionMask = 2147483647;
			files = (
			);
			runOnlyForDeploymentPostprocessing = 0;
		};
/* End PBXFrameworksBuildPhase section */

/* Begin PBXGroup section */
		210A15C7233C91C20075F39A = {
			isa = PBXGroup;
			children = (
				210A15D2233C91C20075F39A /* laigou */,
				210A15E9233C91C50075F39A /* laigouTests */,
				210A15F4233C91C50075F39A /* laigouUITests */,
				210A15D1233C91C20075F39A /* Products */,
			);
			sourceTree = "<group>";
		};
		210A15D1233C91C20075F39A /* Products */ = {
			isa = PBXGroup;
			children = (
				210A15D0233C91C20075F39A /* laigou.app */,
				210A15E6233C91C50075F39A /* laigouTests.xctest */,
				210A15F1233C91C50075F39A /* laigouUITests.xctest */,
			);
			name = Products;
			sourceTree = "<group>";
		};
		210A15D2233C91C20075F39A /* laigou */ = {
			isa = PBXGroup;
			children = (
				210A15D3233C91C20075F39A /* AppDelegate.swift */,
				210A15D5233C91C20075F39A /* SceneDelegate.swift */,
				210A15D7233C91C20075F39A /* ViewController.swift */,
				210A15D9233C91C20075F39A /* Main.storyboard */,
				210A15DC233C91C50075F39A /* Assets.xcassets */,
				210A15DE233C91C50075F39A /* LaunchScreen.storyboard */,
				210A15E1233C91C50075F39A /* Info.plist */,
			);
			path = laigou;
			sourceTree = "<group>";
		};
		210A15E9233C91C50075F39A /* laigouTests */ = {
			isa = PBXGroup;
			children = (
				210A15EA233C91C50075F39A /* laigouTests.swift */,
				210A15EC233C91C50075F39A /* Info.plist */,
			);
			path = laigouTests;
			sourceTree = "<group>";
		};
		210A15F4233C91C50075F39A /* laigouUITests */ = {
			isa = PBXGroup;
			children = (
				210A15F5233C91C50075F39A /* laigouUITests.swift */,
				210A15F7233C91C50075F39A /* Info.plist */,
			);
			path = laigouUITests;
			sourceTree = "<group>";
		};
/* End PBXGroup section */

/* Begin PBXNativeTarget section */
		210A15CF233C91C20075F39A /* laigou */ = {
			isa = PBXNativeTarget;
			buildConfigurationList = 210A15FA233C91C50075F39A /* Build configuration list for PBXNativeTarget "laigou" */;
			buildPhases = (
				210A15CC233C91C20075F39A /* Sources */,
				210A15CD233C91C20075F39A /* Frameworks */,
				210A15CE233C91C20075F39A /* Resources */,
			);
			buildRules = (
			);
			dependencies = (
			);
			name = laigou;
			productName = laigou;
			productReference = 210A15D0233C91C20075F39A /* laigou.app */;
			productType = "com.apple.product-type.application";
		};
		210A15E5233C91C50075F39A /* laigouTests */ = {
			isa = PBXNativeTarget;
			buildConfigurationList = 210A15FD233C91C50075F39A /* Build configuration list for PBXNativeTarget "laigouTests" */;
			buildPhases = (
				210A15E2233C91C50075F39A /* Sources */,
				210A15E3233C91C50075F39A /* Frameworks */,
				210A15E4233C91C50075F39A /* Resources */,
			);
			buildRules = (
			);
			dependencies = (
				210A15E8233C91C50075F39A /* PBXTargetDependency */,
			);
			name = laigouTests;
			productName = laigouTests;
			productReference = 210A15E6233C91C50075F39A /* laigouTests.xctest */;
			productType = "com.apple.product-type.bundle.unit-test";
		};
		210A15F0233C91C50075F39A /* laigouUITests */ = {
			isa = PBXNativeTarget;
			buildConfigurationList = 210A1600233C91C50075F39A /* Build configuration list for PBXNativeTarget "laigouUITests" */;
			buildPhases = (
				210A15ED233C91C50075F39A /* Sources */,
				210A15EE233C91C50075F39A /* Frameworks */,
				210A15EF233C91C50075F39A /* Resources */,
			);
			buildRules = (
			);
			dependencies = (
				210A15F3233C91C50075F39A /* PBXTargetDependency */,
			);
			name = laigouUITests;
			productName = laigouUITests;
			productReference = 210A15F1233C91C50075F39A /* laigouUITests.xctest */;
			productType = "com.apple.product-type.bundle.ui-testing";
		};
/* End PBXNativeTarget section */

/* Begin PBXProject section */
		210A15C8233C91C20075F39A /* Project object */ = {
			isa = PBXProject;
			attributes = {
				LastSwiftUpdateCheck = 1100;
				LastUpgradeCheck = 1100;
				ORGANIZATIONNAME = wang;
				TargetAttributes = {
					210A15CF233C91C20075F39A = {
						CreatedOnToolsVersion = 11.0;
					};
					210A15E5233C91C50075F39A = {
						CreatedOnToolsVersion = 11.0;
						TestTargetID = 210A15CF233C91C20075F39A;
					};
					210A15F0233C91C50075F39A = {
						CreatedOnToolsVersion = 11.0;
						TestTargetID = 210A15CF233C91C20075F39A;
					};
				};
			};
			buildConfigurationList = 210A15CB233C91C20075F39A /* Build configuration list for PBXProject "laigou" */;
			compatibilityVersion = "Xcode 9.3";
			developmentRegion = en;
			hasScannedForEncodings = 0;
			knownRegions = (
				en,
				Base,
			);
			mainGroup = 210A15C7233C91C20075F39A;
			productRefGroup = 210A15D1233C91C20075F39A /* Products */;
			projectDirPath = "";
			projectRoot = "";
			targets = (
				210A15CF233C91C20075F39A /* laigou */,
				210A15E5233C91C50075F39A /* laigouTests */,
				210A15F0233C91C50075F39A /* laigouUITests */,
			);
		};
/* End PBXProject section */

/* Begin PBXResourcesBuildPhase section */
		210A15CE233C91C20075F39A /* Resources */ = {
			isa = PBXResourcesBuildPhase;
			buildActionMask = 2147483647;
			files = (
				210A15E0233C91C50075F39A /* LaunchScreen.storyboard in Resources */,
				210A15DD233C91C50075F39A /* Assets.xcassets in Resources */,
				210A15DB233C91C20075F39A /* Main.storyboard in Resources */,
			);
			runOnlyForDeploymentPostprocessing = 0;
		};
		210A15E4233C91C50075F39A /* Resources */ = {
			isa = PBXResourcesBuildPhase;
			buildActionMask = 2147483647;
			files = (
			);
			runOnlyForDeploymentPostprocessing = 0;
		};
		210A15EF233C91C50075F39A /* Resources */ = {
			isa = PBXResourcesBuildPhase;
			buildActionMask = 2147483647;
			files = (
			);
			runOnlyForDeploymentPostprocessing = 0;
		};
/* End PBXResourcesBuildPhase section */

/* Begin PBXSourcesBuildPhase section */
		210A15CC233C91C20075F39A /* Sources */ = {
			isa = PBXSourcesBuildPhase;
			buildActionMask = 2147483647;
			files = (
				210A15D8233C91C20075F39A /* ViewController.swift in Sources */,
				210A15D4233C91C20075F39A /* AppDelegate.swift in Sources */,
				210A15D6233C91C20075F39A /* SceneDelegate.swift in Sources */,
			);
			runOnlyForDeploymentPostprocessing = 0;
		};
		210A15E2233C91C50075F39A /* Sources */ = {
			isa = PBXSourcesBuildPhase;
			buildActionMask = 2147483647;
			files = (
				210A15EB233C91C50075F39A /* laigouTests.swift in Sources */,
			);
			runOnlyForDeploymentPostprocessing = 0;
		};
		210A15ED233C91C50075F39A /* Sources */ = {
			isa = PBXSourcesBuildPhase;
			buildActionMask = 2147483647;
			files = (
				210A15F6233C91C50075F39A /* laigouUITests.swift in Sources */,
			);
			runOnlyForDeploymentPostprocessing = 0;
		};
/* End PBXSourcesBuildPhase section */

/* Begin PBXTargetDependency section */
		210A15E8233C91C50075F39A /* PBXTargetDependency */ = {
			isa = PBXTargetDependency;
			target = 210A15CF233C91C20075F39A /* laigou */;
			targetProxy = 210A15E7233C91C50075F39A /* PBXContainerItemProxy */;
		};
		210A15F3233C91C50075F39A /* PBXTargetDependency */ = {
			isa = PBXTargetDependency;
			target = 210A15CF233C91C20075F39A /* laigou */;
			targetProxy = 210A15F2233C91C50075F39A /* PBXContainerItemProxy */;
		};
/* End PBXTargetDependency section */

/* Begin PBXVariantGroup section */
		210A15D9233C91C20075F39A /* Main.storyboard */ = {
			isa = PBXVariantGroup;
			children = (
				210A15DA233C91C20075F39A /* Base */,
			);
			name = Main.storyboard;
			sourceTree = "<group>";
		};
		210A15DE233C91C50075F39A /* LaunchScreen.storyboard */ = {
			isa = PBXVariantGroup;
			children = (
				210A15DF233C91C50075F39A /* Base */,
			);
			name = LaunchScreen.storyboard;
			sourceTree = "<group>";
		};
/* End PBXVariantGroup section */

/* Begin XCBuildConfiguration section */
		210A15F8233C91C50075F39A /* Debug */ = {
			isa = XCBuildConfiguration;
			buildSettings = {
				ALWAYS_SEARCH_USER_PATHS = NO;
				CLANG_ANALYZER_NONNULL = YES;
				CLANG_ANALYZER_NUMBER_OBJECT_CONVERSION = YES_AGGRESSIVE;
				CLANG_CXX_LANGUAGE_STANDARD = "gnu++14";
				CLANG_CXX_LIBRARY = "libc++";
				CLANG_ENABLE_MODULES = YES;
				CLANG_ENABLE_OBJC_ARC = YES;
				CLANG_ENABLE_OBJC_WEAK = YES;
				CLANG_WARN_BLOCK_CAPTURE_AUTORELEASING = YES;
				CLANG_WARN_BOOL_CONVERSION = YES;
				CLANG_WARN_COMMA = YES;
				CLANG_WARN_CONSTANT_CONVERSION = YES;
				CLANG_WARN_DEPRECATED_OBJC_IMPLEMENTATIONS = YES;
				CLANG_WARN_DIRECT_OBJC_ISA_USAGE = YES_ERROR;
				CLANG_WARN_DOCUMENTATION_COMMENTS = YES;
				CLANG_WARN_EMPTY_BODY = YES;
				CLANG_WARN_ENUM_CONVERSION = YES;
				CLANG_WARN_INFINITE_RECURSION = YES;
				CLANG_WARN_INT_CONVERSION = YES;
				CLANG_WARN_NON_LITERAL_NULL_CONVERSION = YES;
				CLANG_WARN_OBJC_IMPLICIT_RETAIN_SELF = YES;
				CLANG_WARN_OBJC_LITERAL_CONVERSION = YES;
				CLANG_WARN_OBJC_ROOT_CLASS = YES_ERROR;
				CLANG_WARN_RANGE_LOOP_ANALYSIS = YES;
				CLANG_WARN_STRICT_PROTOTYPES = YES;
				CLANG_WARN_SUSPICIOUS_MOVE = YES;
				CLANG_WARN_UNGUARDED_AVAILABILITY = YES_AGGRESSIVE;
				CLANG_WARN_UNREACHABLE_CODE = YES;
				CLANG_WARN__DUPLICATE_METHOD_MATCH = YES;
				COPY_PHASE_STRIP = NO;
				DEBUG_INFORMATION_FORMAT = dwarf;
				ENABLE_STRICT_OBJC_MSGSEND = YES;
				ENABLE_TESTABILITY = YES;
				GCC_C_LANGUAGE_STANDARD = gnu11;
				GCC_DYNAMIC_NO_PIC = NO;
				GCC_NO_COMMON_BLOCKS = YES;
				GCC_OPTIMIZATION_LEVEL = 0;
				GCC_PREPROCESSOR_DEFINITIONS = (
					"DEBUG=1",
					"$(inherited)",
				);
				GCC_WARN_64_TO_32_BIT_CONVERSION = YES;
				GCC_WARN_ABOUT_RETURN_TYPE = YES_ERROR;
				GCC_WARN_UNDECLARED_SELECTOR = YES;
				GCC_WARN_UNINITIALIZED_AUTOS = YES_AGGRESSIVE;
				GCC_WARN_UNUSED_FUNCTION = YES;
				GCC_WARN_UNUSED_VARIABLE = YES;
				IPHONEOS_DEPLOYMENT_TARGET = 13.0;
				MTL_ENABLE_DEBUG_INFO = INCLUDE_SOURCE;
				MTL_FAST_MATH = YES;
				ONLY_ACTIVE_ARCH = YES;
				SDKROOT = iphoneos;
				SWIFT_ACTIVE_COMPILATION_CONDITIONS = DEBUG;
				SWIFT_OPTIMIZATION_LEVEL = "-Onone";
			};
			name = Debug;
		};
		210A15F9233C91C50075F39A /* Release */ = {
			isa = XCBuildConfiguration;
			buildSettings = {
				ALWAYS_SEARCH_USER_PATHS = NO;
				CLANG_ANALYZER_NONNULL = YES;
				CLANG_ANALYZER_NUMBER_OBJECT_CONVERSION = YES_AGGRESSIVE;
				CLANG_CXX_LANGUAGE_STANDARD = "gnu++14";
				CLANG_CXX_LIBRARY = "libc++";
				CLANG_ENABLE_MODULES = YES;
				CLANG_ENABLE_OBJC_ARC = YES;
				CLANG_ENABLE_OBJC_WEAK = YES;
				CLANG_WARN_BLOCK_CAPTURE_AUTORELEASING = YES;
				CLANG_WARN_BOOL_CONVERSION = YES;
				CLANG_WARN_COMMA = YES;
				CLANG_WARN_CONSTANT_CONVERSION = YES;
				CLANG_WARN_DEPRECATED_OBJC_IMPLEMENTATIONS = YES;
				CLANG_WARN_DIRECT_OBJC_ISA_USAGE = YES_ERROR;
				CLANG_WARN_DOCUMENTATION_COMMENTS = YES;
				CLANG_WARN_EMPTY_BODY = YES;
				CLANG_WARN_ENUM_CONVERSION = YES;
				CLANG_WARN_INFINITE_RECURSION = YES;
				CLANG_WARN_INT_CONVERSION = YES;
				CLANG_WARN_NON_LITERAL_NULL_CONVERSION = YES;
				CLANG_WARN_OBJC_IMPLICIT_RETAIN_SELF = YES;
				CLANG_WARN_OBJC_LITERAL_CONVERSION = YES;
				CLANG_WARN_OBJC_ROOT_CLASS = YES_ERROR;
				CLANG_WARN_RANGE_LOOP_ANALYSIS = YES;
				CLANG_WARN_STRICT_PROTOTYPES = YES;
				CLANG_WARN_SUSPICIOUS_MOVE = YES;
				CLANG_WARN_UNGUARDED_AVAILABILITY = YES_AGGRESSIVE;
				CLANG_WARN_UNREACHABLE_CODE = YES;
				CLANG_WARN__DUPLICATE_METHOD_MATCH = YES;
				COPY_PHASE_STRIP = NO;
				DEBUG_INFORMATION_FORMAT = "dwarf-with-dsym";
				ENABLE_NS_ASSERTIONS = NO;
				ENABLE_STRICT_OBJC_MSGSEND = YES;
				GCC_C_LANGUAGE_STANDARD = gnu11;
				GCC_NO_COMMON_BLOCKS = YES;
				GCC_WARN_64_TO_32_BIT_CONVERSION = YES;
				GCC_WARN_ABOUT_RETURN_TYPE = YES_ERROR;
				GCC_WARN_UNDECLARED_SELECTOR = YES;
				GCC_WARN_UNINITIALIZED_AUTOS = YES_AGGRESSIVE;
				GCC_WARN_UNUSED_FUNCTION = YES;
				GCC_WARN_UNUSED_VARIABLE = YES;
				IPHONEOS_DEPLOYMENT_TARGET = 13.0;
				MTL_ENABLE_DEBUG_INFO = NO;
				MTL_FAST_MATH = YES;
				SDKROOT = iphoneos;
				SWIFT_COMPILATION_MODE = wholemodule;
				SWIFT_OPTIMIZATION_LEVEL = "-O";
				VALIDATE_PRODUCT = YES;
			};
			name = Release;
		};
		210A15FB233C91C50075F39A /* Debug */ = {
			isa = XCBuildConfiguration;
			buildSettings = {
				ASSETCATALOG_COMPILER_APPICON_NAME = AppIcon;
				CODE_SIGN_STYLE = Automatic;
				INFOPLIST_FILE = laigou/Info.plist;
				LD_RUNPATH_SEARCH_PATHS = (
					"$(inherited)",
					"@executable_path/Frameworks",
				);
				PRODUCT_BUNDLE_IDENTIFIER = ddddd.laigou;
				PRODUCT_NAME = "$(TARGET_NAME)";
				SWIFT_VERSION = 5.0;
				TARGETED_DEVICE_FAMILY = "1,2";
			};
			name = Debug;
		};
		210A15FC233C91C50075F39A /* Release */ = {
			isa = XCBuildConfiguration;
			buildSettings = {
				ASSETCATALOG_COMPILER_APPICON_NAME = AppIcon;
				CODE_SIGN_STYLE = Automatic;
				INFOPLIST_FILE = laigou/Info.plist;
				LD_RUNPATH_SEARCH_PATHS = (
					"$(inherited)",
					"@executable_path/Frameworks",
				);
				PRODUCT_BUNDLE_IDENTIFIER = ddddd.laigou;
				PRODUCT_NAME = "$(TARGET_NAME)";
				SWIFT_VERSION = 5.0;
				TARGETED_DEVICE_FAMILY = "1,2";
			};
			name = Release;
		};
		210A15FE233C91C50075F39A /* Debug */ = {
			isa = XCBuildConfiguration;
			buildSettings = {
				ALWAYS_EMBED_SWIFT_STANDARD_LIBRARIES = YES;
				BUNDLE_LOADER = "$(TEST_HOST)";
				CODE_SIGN_STYLE = Automatic;
				INFOPLIST_FILE = laigouTests/Info.plist;
				IPHONEOS_DEPLOYMENT_TARGET = 13.0;
				LD_RUNPATH_SEARCH_PATHS = (
					"$(inherited)",
					"@executable_path/Frameworks",
					"@loader_path/Frameworks",
				);
				PRODUCT_BUNDLE_IDENTIFIER = ddddd.laigouTests;
				PRODUCT_NAME = "$(TARGET_NAME)";
				SWIFT_VERSION = 5.0;
				TARGETED_DEVICE_FAMILY = "1,2";
				TEST_HOST = "$(BUILT_PRODUCTS_DIR)/laigou.app/laigou";
			};
			name = Debug;
		};
		210A15FF233C91C50075F39A /* Release */ = {
			isa = XCBuildConfiguration;
			buildSettings = {
				ALWAYS_EMBED_SWIFT_STANDARD_LIBRARIES = YES;
				BUNDLE_LOADER = "$(TEST_HOST)";
				CODE_SIGN_STYLE = Automatic;
				INFOPLIST_FILE = laigouTests/Info.plist;
				IPHONEOS_DEPLOYMENT_TARGET = 13.0;
				LD_RUNPATH_SEARCH_PATHS = (
					"$(inherited)",
					"@executable_path/Frameworks",
					"@loader_path/Frameworks",
				);
				PRODUCT_BUNDLE_IDENTIFIER = ddddd.laigouTests;
				PRODUCT_NAME = "$(TARGET_NAME)";
				SWIFT_VERSION = 5.0;
				TARGETED_DEVICE_FAMILY = "1,2";
				TEST_HOST = "$(BUILT_PRODUCTS_DIR)/laigou.app/laigou";
			};
			name = Release;
		};
		210A1601233C91C50075F39A /* Debug */ = {
			isa = XCBuildConfiguration;
			buildSettings = {
				ALWAYS_EMBED_SWIFT_STANDARD_LIBRARIES = YES;
				CODE_SIGN_STYLE = Automatic;
				INFOPLIST_FILE = laigouUITests/Info.plist;
				LD_RUNPATH_SEARCH_PATHS = (
					"$(inherited)",
					"@executable_path/Frameworks",
					"@loader_path/Frameworks",
				);
				PRODUCT_BUNDLE_IDENTIFIER = ddddd.laigouUITests;
				PRODUCT_NAME = "$(TARGET_NAME)";
				SWIFT_VERSION = 5.0;
				TARGETED_DEVICE_FAMILY = "1,2";
				TEST_TARGET_NAME = laigou;
			};
			name = Debug;
		};
		210A1602233C91C50075F39A /* Release */ = {
			isa = XCBuildConfiguration;
			buildSettings = {
				ALWAYS_EMBED_SWIFT_STANDARD_LIBRARIES = YES;
				CODE_SIGN_STYLE = Automatic;
				INFOPLIST_FILE = laigouUITests/Info.plist;
				LD_RUNPATH_SEARCH_PATHS = (
					"$(inherited)",
					"@executable_path/Frameworks",
					"@loader_path/Frameworks",
				);
				PRODUCT_BUNDLE_IDENTIFIER = ddddd.laigouUITests;
				PRODUCT_NAME = "$(TARGET_NAME)";
				SWIFT_VERSION = 5.0;
				TARGETED_DEVICE_FAMILY = "1,2";
				TEST_TARGET_NAME = laigou;
			};
			name = Release;
		};
/* End XCBuildConfiguration section */

/* Begin XCConfigurationList section */
		210A15CB233C91C20075F39A /* Build configuration list for PBXProject "laigou" */ = {
			isa = XCConfigurationList;
			buildConfigurations = (
				210A15F8233C91C50075F39A /* Debug */,
				210A15F9233C91C50075F39A /* Release */,
			);
			defaultConfigurationIsVisible = 0;
			defaultConfigurationName = Release;
		};
		210A15FA233C91C50075F39A /* Build configuration list for PBXNativeTarget "laigou" */ = {
			isa = XCConfigurationList;
			buildConfigurations = (
				210A15FB233C91C50075F39A /* Debug */,
				210A15FC233C91C50075F39A /* Release */,
			);
			defaultConfigurationIsVisible = 0;
			defaultConfigurationName = Release;
		};
		210A15FD233C91C50075F39A /* Build configuration list for PBXNativeTarget "laigouTests" */ = {
			isa = XCConfigurationList;
			buildConfigurations = (
				210A15FE233C91C50075F39A /* Debug */,
				210A15FF233C91C50075F39A /* Release */,
			);
			defaultConfigurationIsVisible = 0;
			defaultConfigurationName = Release;
		};
		210A1600233C91C50075F39A /* Build configuration list for PBXNativeTarget "laigouUITests" */ = {
			isa = XCConfigurationList;
			buildConfigurations = (
				210A1601233C91C50075F39A /* Debug */,
				210A1602233C91C50075F39A /* Release */,
			);
			defaultConfigurationIsVisible = 0;
			defaultConfigurationName = Release;
		};
/* End XCConfigurationList section */
	};
	rootObject = 210A15C8233C91C20075F39A /* Project object */;
}
